PODS:
  - Alamofire (5.4.0)
  - Moya (14.0.0):
    - Moya/Core (= 14.0.0)
  - Moya-ObjectMapper/Core (2.9):
    - Moya (~> 14.0.0-beta.6)
    - ObjectMapper
  - Moya-ObjectMapper/ReactiveSwift (2.9):
    - Moya-ObjectMapper/Core
    - Moya/ReactiveSwift
    - ReactiveSwift
  - Moya/Core (14.0.0):
    - Alamofire (~> 5.0)
  - Moya/ReactiveSwift (14.0.0):
    - Moya/Core
    - ReactiveSwift (~> 6.0)
  - ObjectMapper (4.2.0)
  - Pulley (2.9.0)
  - ReactiveSwift (6.5.0)
  - RxCocoa (6.0.0-rc.2):
    - RxRelay (= 6.0.0-rc.2)
    - RxSwift (= 6.0.0-rc.2)
  - RxRelay (6.0.0-rc.2):
    - RxSwift (= 6.0.0-rc.2)
  - RxSwift (6.0.0-rc.2)

DEPENDENCIES:
  - Moya (~> 14.0)
  - Moya-ObjectMapper/ReactiveSwift
  - Moya/ReactiveSwift (~> 14.0)
  - ObjectMapper
  - Pulley
  - RxCocoa (= 6.0.0-rc.2)
  - RxSwift (= 6.0.0-rc.2)

SPEC REPOS:
  trunk:
    - Alamofire
    - Moya
    - Moya-ObjectMapper
    - ObjectMapper
    - Pulley
    - ReactiveSwift
    - RxCocoa
    - RxRelay
    - RxSwift

SPEC CHECKSUMS:
  Alamofire: 3b6a534a3df22db367e4dedeeca73d1ddfcf0e2f
  Moya: 5b45dacb75adb009f97fde91c204c1e565d31916
  Moya-ObjectMapper: 967a99d9ea3aa9c93ddbe112aeca3667f53bfe93
  ObjectMapper: 1eb41f610210777375fa806bf161dc39fb832b81
  Pulley: 4bc17abf7cef6acfe904589108f5c114e7b2497a
  ReactiveSwift: 8d159904084e908856cde90b2e28823f3c7e485f
  RxCocoa: 38445a25751be5907f52f7ea02c137f52ce2e7f2
  RxRelay: b9e2483e83f46e4e7bf1234c6fe418e5c2eaf825
  RxSwift: ada35be6643bedf6881cdbd6bbfb27aeea527670

PODFILE CHECKSUM: bebda9e45a171c6763245e1efc6e5a82c6256704

COCOAPODS: 1.8.4
